// !$*UTF8*$!
{
	archiveVersion = 1;
	classes = {
	};
	objectVersion = 56;
	objects = {

/* Begin PBXBuildFile section */
		984780B92BB7930C00B8250E /* KUI.swift in Sources */ = {isa = PBXBuildFile; fileRef = 984780B82BB7930C00B8250E /* KUI.swift */; };
		984780C22BB7944700B8250E /* KUI+Bundle.swift in Sources */ = {isa = PBXBuildFile; fileRef = 984780C12BB7944700B8250E /* KUI+Bundle.swift */; };
		984780C52BB7947A00B8250E /* Color.swift in Sources */ = {isa = PBXBuildFile; fileRef = 984780C42BB7947A00B8250E /* Color.swift */; };
		984780C72BB794EA00B8250E /* Color.xcassets in Resources */ = {isa = PBXBuildFile; fileRef = 984780C62BB794EA00B8250E /* Color.xcassets */; };
		98FFC54F2BB79A03005E0153 /* DeubgView.swift in Sources */ = {isa = PBXBuildFile; fileRef = 98FFC54E2BB79A03005E0153 /* DeubgView.swift */; };
		98FFC5522BB79A39005E0153 /* KUIText.swift in Sources */ = {isa = PBXBuildFile; fileRef = 98FFC5512BB79A39005E0153 /* KUIText.swift */; };
/* End PBXBuildFile section */

/* Begin PBXFileReference section */
		984780B82BB7930C00B8250E /* KUI.swift */ = {isa = PBXFileReference; lastKnownFileType = sourcecode.swift; path = KUI.swift; sourceTree = "<group>"; };
		984780C12BB7944700B8250E /* KUI+Bundle.swift */ = {isa = PBXFileReference; lastKnownFileType = sourcecode.swift; path = "KUI+Bundle.swift"; sourceTree = "<group>"; };
		984780C42BB7947A00B8250E /* Color.swift */ = {isa = PBXFileReference; lastKnownFileType = sourcecode.swift; path = Color.swift; sourceTree = "<group>"; };
		984780C62BB794EA00B8250E /* Color.xcassets */ = {isa = PBXFileReference; lastKnownFileType = folder.assetcatalog; path = Color.xcassets; sourceTree = "<group>"; };
		98B2E7832BB7927E00ECE4EB /* KUI.framework */ = {isa = PBXFileReference; explicitFileType = wrapper.framework; includeInIndex = 0; path = KUI.framework; sourceTree = BUILT_PRODUCTS_DIR; };
		98FFC54E2BB79A03005E0153 /* DeubgView.swift */ = {isa = PBXFileReference; lastKnownFileType = sourcecode.swift; path = DeubgView.swift; sourceTree = "<group>"; };
		98FFC5512BB79A39005E0153 /* KUIText.swift */ = {isa = PBXFileReference; lastKnownFileType = sourcecode.swift; path = KUIText.swift; sourceTree = "<group>"; };
/* End PBXFileReference section */

/* Begin PBXFrameworksBuildPhase section */
		98B2E7802BB7927E00ECE4EB /* Frameworks */ = {
			isa = PBXFrameworksBuildPhase;
			buildActionMask = 2147483647;
			files = (
			);
			runOnlyForDeploymentPostprocessing = 0;
		};
/* End PBXFrameworksBuildPhase section */

/* Begin PBXGroup section */
		984780C02BB7943E00B8250E /* Bundle */ = {
			isa = PBXGroup;
			children = (
				984780C12BB7944700B8250E /* KUI+Bundle.swift */,
			);
			path = Bundle;
			sourceTree = "<group>";
		};
		984780C32BB7946C00B8250E /* Color */ = {
			isa = PBXGroup;
			children = (
				984780C42BB7947A00B8250E /* Color.swift */,
				984780C62BB794EA00B8250E /* Color.xcassets */,
			);
			path = Color;
			sourceTree = "<group>";
		};
		98B2E7792BB7927E00ECE4EB = {
			isa = PBXGroup;
			children = (
				98B2E7852BB7927E00ECE4EB /* KUI */,
				98B2E7842BB7927E00ECE4EB /* Products */,
			);
			sourceTree = "<group>";
		};
		98B2E7842BB7927E00ECE4EB /* Products */ = {
			isa = PBXGroup;
			children = (
				98B2E7832BB7927E00ECE4EB /* KUI.framework */,
			);
			name = Products;
			sourceTree = "<group>";
		};
		98B2E7852BB7927E00ECE4EB /* KUI */ = {
			isa = PBXGroup;
			children = (
				984780B82BB7930C00B8250E /* KUI.swift */,
				984780C02BB7943E00B8250E /* Bundle */,
				984780C32BB7946C00B8250E /* Color */,
				98FFC5482BB79969005E0153 /* Source */,
			);
			path = KUI;
			sourceTree = "<group>";
		};
		98FFC5482BB79969005E0153 /* Source */ = {
			isa = PBXGroup;
			children = (
				98FFC5492BB7997C005E0153 /* SwiftUI */,
			);
			path = Source;
			sourceTree = "<group>";
		};
		98FFC5492BB7997C005E0153 /* SwiftUI */ = {
			isa = PBXGroup;
			children = (
				98FFC5502BB79A25005E0153 /* Text */,
				98FFC54D2BB799FA005E0153 /* Debug */,
			);
			path = SwiftUI;
			sourceTree = "<group>";
		};
		98FFC54D2BB799FA005E0153 /* Debug */ = {
			isa = PBXGroup;
			children = (
				98FFC54E2BB79A03005E0153 /* DeubgView.swift */,
			);
			path = Debug;
			sourceTree = "<group>";
		};
		98FFC5502BB79A25005E0153 /* Text */ = {
			isa = PBXGroup;
			children = (
				98FFC5512BB79A39005E0153 /* KUIText.swift */,
			);
			path = Text;
			sourceTree = "<group>";
		};
/* End PBXGroup section */

/* Begin PBXHeadersBuildPhase section */
		98B2E77E2BB7927E00ECE4EB /* Headers */ = {
			isa = PBXHeadersBuildPhase;
			buildActionMask = 2147483647;
			files = (
			);
			runOnlyForDeploymentPostprocessing = 0;
		};
/* End PBXHeadersBuildPhase section */

/* Begin PBXNativeTarget section */
		98B2E7822BB7927E00ECE4EB /* KUI */ = {
			isa = PBXNativeTarget;
			buildConfigurationList = 98B2E78A2BB7927E00ECE4EB /* Build configuration list for PBXNativeTarget "KUI" */;
			buildPhases = (
				98B2E77E2BB7927E00ECE4EB /* Headers */,
				98B2E77F2BB7927E00ECE4EB /* Sources */,
				98B2E7802BB7927E00ECE4EB /* Frameworks */,
				98B2E7812BB7927E00ECE4EB /* Resources */,
			);
			buildRules = (
			);
			dependencies = (
			);
			name = KUI;
			productName = KUI;
			productReference = 98B2E7832BB7927E00ECE4EB /* KUI.framework */;
			productType = "com.apple.product-type.framework";
		};
/* End PBXNativeTarget section */

/* Begin PBXProject section */
		98B2E77A2BB7927E00ECE4EB /* Project object */ = {
			isa = PBXProject;
			attributes = {
				BuildIndependentTargetsInParallel = 1;
				LastUpgradeCheck = 1530;
				TargetAttributes = {
					98B2E7822BB7927E00ECE4EB = {
						CreatedOnToolsVersion = 15.3;
						LastSwiftMigration = 1530;
					};
				};
			};
			buildConfigurationList = 98B2E77D2BB7927E00ECE4EB /* Build configuration list for PBXProject "KUI" */;
			compatibilityVersion = "Xcode 14.0";
			developmentRegion = en;
			hasScannedForEncodings = 0;
			knownRegions = (
				en,
				Base,
			);
			mainGroup = 98B2E7792BB7927E00ECE4EB;
			productRefGroup = 98B2E7842BB7927E00ECE4EB /* Products */;
			projectDirPath = "";
			projectRoot = "";
			targets = (
				98B2E7822BB7927E00ECE4EB /* KUI */,
			);
		};
/* End PBXProject section */

/* Begin PBXResourcesBuildPhase section */
		98B2E7812BB7927E00ECE4EB /* Resources */ = {
			isa = PBXResourcesBuildPhase;
			buildActionMask = 2147483647;
			files = (
				984780C72BB794EA00B8250E /* Color.xcassets in Resources */,
			);
			runOnlyForDeploymentPostprocessing = 0;
		};
/* End PBXResourcesBuildPhase section */

/* Begin PBXSourcesBuildPhase section */
		98B2E77F2BB7927E00ECE4EB /* Sources */ = {
			isa = PBXSourcesBuildPhase;
			buildActionMask = 2147483647;
			files = (
				98FFC54F2BB79A03005E0153 /* DeubgView.swift in Sources */,
				98FFC5522BB79A39005E0153 /* KUIText.swift in Sources */,
				984780B92BB7930C00B8250E /* KUI.swift in Sources */,
				984780C22BB7944700B8250E /* KUI+Bundle.swift in Sources */,
				984780C52BB7947A00B8250E /* Color.swift in Sources */,
			);
			runOnlyForDeploymentPostprocessing = 0;
		};
/* End PBXSourcesBuildPhase section */

/* Begin XCBuildConfiguration section */
		98B2E7882BB7927E00ECE4EB /* Debug */ = {
			isa = XCBuildConfiguration;
			buildSettings = {
				ALWAYS_SEARCH_USER_PATHS = NO;
				ASSETCATALOG_COMPILER_GENERATE_SWIFT_ASSET_SYMBOL_EXTENSIONS = YES;
				CLANG_ANALYZER_NONNULL = YES;
				CLANG_ANALYZER_NUMBER_OBJECT_CONVERSION = YES_AGGRESSIVE;
				CLANG_CXX_LANGUAGE_STANDARD = "gnu++20";
				CLANG_ENABLE_MODULES = YES;
				CLANG_ENABLE_OBJC_ARC = YES;
				CLANG_ENABLE_OBJC_WEAK = YES;
				CLANG_WARN_BLOCK_CAPTURE_AUTORELEASING = YES;
				CLANG_WARN_BOOL_CONVERSION = YES;
				CLANG_WARN_COMMA = YES;
				CLANG_WARN_CONSTANT_CONVERSION = YES;
				CLANG_WARN_DEPRECATED_OBJC_IMPLEMENTATIONS = YES;
				CLANG_WARN_DIRECT_OBJC_ISA_USAGE = YES_ERROR;
				CLANG_WARN_DOCUMENTATION_COMMENTS = YES;
				CLANG_WARN_EMPTY_BODY = YES;
				CLANG_WARN_ENUM_CONVERSION = YES;
				CLANG_WARN_INFINITE_RECURSION = YES;
				CLANG_WARN_INT_CONVERSION = YES;
				CLANG_WARN_NON_LITERAL_NULL_CONVERSION = YES;
				CLANG_WARN_OBJC_IMPLICIT_RETAIN_SELF = YES;
				CLANG_WARN_OBJC_LITERAL_CONVERSION = YES;
				CLANG_WARN_OBJC_ROOT_CLASS = YES_ERROR;
				CLANG_WARN_QUOTED_INCLUDE_IN_FRAMEWORK_HEADER = YES;
				CLANG_WARN_RANGE_LOOP_ANALYSIS = YES;
				CLANG_WARN_STRICT_PROTOTYPES = YES;
				CLANG_WARN_SUSPICIOUS_MOVE = YES;
				CLANG_WARN_UNGUARDED_AVAILABILITY = YES_AGGRESSIVE;
				CLANG_WARN_UNREACHABLE_CODE = YES;
				CLANG_WARN__DUPLICATE_METHOD_MATCH = YES;
				COPY_PHASE_STRIP = NO;
				CURRENT_PROJECT_VERSION = 1;
				DEBUG_INFORMATION_FORMAT = dwarf;
				ENABLE_STRICT_OBJC_MSGSEND = YES;
				ENABLE_TESTABILITY = YES;
				ENABLE_USER_SCRIPT_SANDBOXING = YES;
				GCC_C_LANGUAGE_STANDARD = gnu17;
				GCC_DYNAMIC_NO_PIC = NO;
				GCC_NO_COMMON_BLOCKS = YES;
				GCC_OPTIMIZATION_LEVEL = 0;
				GCC_PREPROCESSOR_DEFINITIONS = (
					"DEBUG=1",
					"$(inherited)",
				);
				GCC_WARN_64_TO_32_BIT_CONVERSION = YES;
				GCC_WARN_ABOUT_RETURN_TYPE = YES_ERROR;
				GCC_WARN_UNDECLARED_SELECTOR = YES;
				GCC_WARN_UNINITIALIZED_AUTOS = YES_AGGRESSIVE;
				GCC_WARN_UNUSED_FUNCTION = YES;
				GCC_WARN_UNUSED_VARIABLE = YES;
				IPHONEOS_DEPLOYMENT_TARGET = 16.0;
				LOCALIZATION_PREFERS_STRING_CATALOGS = YES;
				MTL_ENABLE_DEBUG_INFO = INCLUDE_SOURCE;
				MTL_FAST_MATH = YES;
				ONLY_ACTIVE_ARCH = YES;
				SDKROOT = iphoneos;
				SWIFT_ACTIVE_COMPILATION_CONDITIONS = "DEBUG $(inherited)";
				SWIFT_OPTIMIZATION_LEVEL = "-Onone";
				VERSIONING_SYSTEM = "apple-generic";
				VERSION_INFO_PREFIX = "";
			};
			name = Debug;
		};
		98B2E7892BB7927E00ECE4EB /* Release */ = {
			isa = XCBuildConfiguration;
			buildSettings = {
				ALWAYS_SEARCH_USER_PATHS = NO;
				ASSETCATALOG_COMPILER_GENERATE_SWIFT_ASSET_SYMBOL_EXTENSIONS = YES;
				CLANG_ANALYZER_NONNULL = YES;
				CLANG_ANALYZER_NUMBER_OBJECT_CONVERSION = YES_AGGRESSIVE;
				CLANG_CXX_LANGUAGE_STANDARD = "gnu++20";
				CLANG_ENABLE_MODULES = YES;
				CLANG_ENABLE_OBJC_ARC = YES;
				CLANG_ENABLE_OBJC_WEAK = YES;
				CLANG_WARN_BLOCK_CAPTURE_AUTORELEASING = YES;
				CLANG_WARN_BOOL_CONVERSION = YES;
				CLANG_WARN_COMMA = YES;
				CLANG_WARN_CONSTANT_CONVERSION = YES;
				CLANG_WARN_DEPRECATED_OBJC_IMPLEMENTATIONS = YES;
				CLANG_WARN_DIRECT_OBJC_ISA_USAGE = YES_ERROR;
				CLANG_WARN_DOCUMENTATION_COMMENTS = YES;
				CLANG_WARN_EMPTY_BODY = YES;
				CLANG_WARN_ENUM_CONVERSION = YES;
				CLANG_WARN_INFINITE_RECURSION = YES;
				CLANG_WARN_INT_CONVERSION = YES;
				CLANG_WARN_NON_LITERAL_NULL_CONVERSION = YES;
				CLANG_WARN_OBJC_IMPLICIT_RETAIN_SELF = YES;
				CLANG_WARN_OBJC_LITERAL_CONVERSION = YES;
				CLANG_WARN_OBJC_ROOT_CLASS = YES_ERROR;
				CLANG_WARN_QUOTED_INCLUDE_IN_FRAMEWORK_HEADER = YES;
				CLANG_WARN_RANGE_LOOP_ANALYSIS = YES;
				CLANG_WARN_STRICT_PROTOTYPES = YES;
				CLANG_WARN_SUSPICIOUS_MOVE = YES;
				CLANG_WARN_UNGUARDED_AVAILABILITY = YES_AGGRESSIVE;
				CLANG_WARN_UNREACHABLE_CODE = YES;
				CLANG_WARN__DUPLICATE_METHOD_MATCH = YES;
				COPY_PHASE_STRIP = NO;
				CURRENT_PROJECT_VERSION = 1;
				DEBUG_INFORMATION_FORMAT = "dwarf-with-dsym";
				ENABLE_NS_ASSERTIONS = NO;
				ENABLE_STRICT_OBJC_MSGSEND = YES;
				ENABLE_USER_SCRIPT_SANDBOXING = YES;
				GCC_C_LANGUAGE_STANDARD = gnu17;
				GCC_NO_COMMON_BLOCKS = YES;
				GCC_WARN_64_TO_32_BIT_CONVERSION = YES;
				GCC_WARN_ABOUT_RETURN_TYPE = YES_ERROR;
				GCC_WARN_UNDECLARED_SELECTOR = YES;
				GCC_WARN_UNINITIALIZED_AUTOS = YES_AGGRESSIVE;
				GCC_WARN_UNUSED_FUNCTION = YES;
				GCC_WARN_UNUSED_VARIABLE = YES;
				IPHONEOS_DEPLOYMENT_TARGET = 16.0;
				LOCALIZATION_PREFERS_STRING_CATALOGS = YES;
				MTL_ENABLE_DEBUG_INFO = NO;
				MTL_FAST_MATH = YES;
				SDKROOT = iphoneos;
				SWIFT_COMPILATION_MODE = wholemodule;
				VALIDATE_PRODUCT = YES;
				VERSIONING_SYSTEM = "apple-generic";
				VERSION_INFO_PREFIX = "";
			};
			name = Release;
		};
		98B2E78B2BB7927E00ECE4EB /* Debug */ = {
			isa = XCBuildConfiguration;
			buildSettings = {
				BUILD_LIBRARY_FOR_DISTRIBUTION = YES;
				CLANG_ENABLE_MODULES = YES;
				CODE_SIGN_STYLE = Automatic;
				CURRENT_PROJECT_VERSION = 1;
				DEFINES_MODULE = YES;
				DEVELOPMENT_TEAM = 524TVTU6B9;
				DYLIB_COMPATIBILITY_VERSION = 1;
				DYLIB_CURRENT_VERSION = 1;
				DYLIB_INSTALL_NAME_BASE = "@rpath";
				ENABLE_MODULE_VERIFIER = YES;
				GENERATE_INFOPLIST_FILE = YES;
				INFOPLIST_KEY_NSHumanReadableCopyright = "";
				INSTALL_PATH = "$(LOCAL_LIBRARY_DIR)/Frameworks";
				IPHONEOS_DEPLOYMENT_TARGET = 16.0;
				LD_RUNPATH_SEARCH_PATHS = (
					"$(inherited)",
					"@executable_path/Frameworks",
					"@loader_path/Frameworks",
				);
				MARKETING_VERSION = 1.0;
				MODULE_VERIFIER_SUPPORTED_LANGUAGES = "objective-c objective-c++";
				MODULE_VERIFIER_SUPPORTED_LANGUAGE_STANDARDS = "gnu17 gnu++20";
				PRODUCT_BUNDLE_IDENTIFIER = com.linsaeng.KUI;
				PRODUCT_NAME = "$(TARGET_NAME:c99extidentifier)";
				SKIP_INSTALL = YES;
				SUPPORTED_PLATFORMS = "iphoneos iphonesimulator";
				SUPPORTS_MACCATALYST = NO;
				SUPPORTS_MAC_DESIGNED_FOR_IPHONE_IPAD = NO;
				SUPPORTS_XR_DESIGNED_FOR_IPHONE_IPAD = NO;
				SWIFT_EMIT_LOC_STRINGS = YES;
				SWIFT_INSTALL_OBJC_HEADER = NO;
				SWIFT_OPTIMIZATION_LEVEL = "-Onone";
				SWIFT_VERSION = 5.0;
				TARGETED_DEVICE_FAMILY = 1;
			};
			name = Debug;
		};
		98B2E78C2BB7927E00ECE4EB /* Release */ = {
			isa = XCBuildConfiguration;
			buildSettings = {
				BUILD_LIBRARY_FOR_DISTRIBUTION = YES;
				CLANG_ENABLE_MODULES = YES;
				CODE_SIGN_STYLE = Automatic;
				CURRENT_PROJECT_VERSION = 1;
				DEFINES_MODULE = YES;
				DEVELOPMENT_TEAM = 524TVTU6B9;
				DYLIB_COMPATIBILITY_VERSION = 1;
				DYLIB_CURRENT_VERSION = 1;
				DYLIB_INSTALL_NAME_BASE = "@rpath";
				ENABLE_MODULE_VERIFIER = YES;
				GENERATE_INFOPLIST_FILE = YES;
				INFOPLIST_KEY_NSHumanReadableCopyright = "";
				INSTALL_PATH = "$(LOCAL_LIBRARY_DIR)/Frameworks";
				IPHONEOS_DEPLOYMENT_TARGET = 16.0;
				LD_RUNPATH_SEARCH_PATHS = (
					"$(inherited)",
					"@executable_path/Frameworks",
					"@loader_path/Frameworks",
				);
				MARKETING_VERSION = 1.0;
				MODULE_VERIFIER_SUPPORTED_LANGUAGES = "objective-c objective-c++";
				MODULE_VERIFIER_SUPPORTED_LANGUAGE_STANDARDS = "gnu17 gnu++20";
				PRODUCT_BUNDLE_IDENTIFIER = com.linsaeng.KUI;
				PRODUCT_NAME = "$(TARGET_NAME:c99extidentifier)";
				SKIP_INSTALL = YES;
				SUPPORTED_PLATFORMS = "iphoneos iphonesimulator";
				SUPPORTS_MACCATALYST = NO;
				SUPPORTS_MAC_DESIGNED_FOR_IPHONE_IPAD = NO;
				SUPPORTS_XR_DESIGNED_FOR_IPHONE_IPAD = NO;
				SWIFT_EMIT_LOC_STRINGS = YES;
				SWIFT_INSTALL_OBJC_HEADER = NO;
				SWIFT_VERSION = 5.0;
				TARGETED_DEVICE_FAMILY = 1;
			};
			name = Release;
		};
/* End XCBuildConfiguration section */

/* Begin XCConfigurationList section */
		98B2E77D2BB7927E00ECE4EB /* Build configuration list for PBXProject "KUI" */ = {
			isa = XCConfigurationList;
			buildConfigurations = (
				98B2E7882BB7927E00ECE4EB /* Debug */,
				98B2E7892BB7927E00ECE4EB /* Release */,
			);
			defaultConfigurationIsVisible = 0;
			defaultConfigurationName = Release;
		};
		98B2E78A2BB7927E00ECE4EB /* Build configuration list for PBXNativeTarget "KUI" */ = {
			isa = XCConfigurationList;
			buildConfigurations = (
				98B2E78B2BB7927E00ECE4EB /* Debug */,
				98B2E78C2BB7927E00ECE4EB /* Release */,
			);
			defaultConfigurationIsVisible = 0;
			defaultConfigurationName = Release;
		};
/* End XCConfigurationList section */
	};
	rootObject = 98B2E77A2BB7927E00ECE4EB /* Project object */;
}
